
Microsoft Visual Studio Solution File, Format Version 12.00
# Visual Studio Version 17
VisualStudioVersion = 17.2.32616.157
MinimumVisualStudioVersion = 10.0.40219.1
Project("{FAE04EC0-301F-11D3-BF4B-00C04F79EFBC}") = "UserRegisteration", "UserRegisteration\UserRegisteration.csproj", "{823D18B7-F43E-4613-8FA8-359447549BFB}"
EndProject
Global
	GlobalSection(SolutionConfigurationPlatforms) = preSolution
		Debug|Any CPU = Debug|Any CPU
		Release|Any CPU = Release|Any CPU
	EndGlobalSection
	GlobalSection(ProjectConfigurationPlatforms) = postSolution
		{823D18B7-F43E-4613-8FA8-359447549BFB}.Debug|Any CPU.ActiveCfg = Debug|Any CPU
		{823D18B7-F43E-4613-8FA8-359447549BFB}.Debug|Any CPU.Build.0 = Debug|Any CPU
		{823D18B7-F43E-4613-8FA8-359447549BFB}.Release|Any CPU.ActiveCfg = Release|Any CPU
		{823D18B7-F43E-4613-8FA8-359447549BFB}.Release|Any CPU.Build.0 = Release|Any CPU
	EndGlobalSection
	GlobalSection(SolutionProperties) = preSolution
		HideSolutionNode = FALSE
	EndGlobalSection
	GlobalSection(ExtensibilityGlobals) = postSolution
		SolutionGuid = {D3E3803B-05F7-469F-A9AC-8F5A5D29B999}
	EndGlobalSection
EndGlobal
